// !$*UTF8*$!
{
	archiveVersion = 1;
	classes = {
	};
	objectVersion = 56;
	objects = {

/* Begin PBXBuildFile section */
		AA0001 /* BubbleVisionApp.swift in Sources */ = {isa = PBXBuildFile; fileRef = BB0001 /* BubbleVisionApp.swift */; };
		AA0002 /* ContentView.swift in Sources */ = {isa = PBXBuildFile; fileRef = BB0002 /* ContentView.swift */; };
		AA0003 /* ARCoordinator.swift in Sources */ = {isa = PBXBuildFile; fileRef = BB0003 /* ARCoordinator.swift */; };
		AA0004 /* ARViewContainer.swift in Sources */ = {isa = PBXBuildFile; fileRef = BB0004 /* ARViewContainer.swift */; };
		AA0005 /* BubbleAnchor.swift in Sources */ = {isa = PBXBuildFile; fileRef = BB0005 /* BubbleAnchor.swift */; };
		AA0006 /* IridescentSurface.metal in Sources */ = {isa = PBXBuildFile; fileRef = BB0006 /* IridescentSurface.metal */; };
		AA0007 /* Assets.xcassets in Resources */ = {isa = PBXBuildFile; fileRef = BB0007 /* Assets.xcassets */; };
		AA0008 /* MotionCoupler.swift in Sources */ = {isa = PBXBuildFile; fileRef = BB0009 /* MotionCoupler.swift */; };
		AA0009 /* FilmPlane.metal in Sources */ = {isa = PBXBuildFile; fileRef = BB0010 /* FilmPlane.metal */; };
		462504D7791C42D0829598EC /* FilmPlaneBuilder.swift in Sources */ = {isa = PBXBuildFile; fileRef = 35002B0981ED452CA80E098D /* FilmPlaneBuilder.swift */; };
		AA0011 /* PathTracker.swift in Sources */ = {isa = PBXBuildFile; fileRef = BB0011 /* PathTracker.swift */; };
		AA0012 /* TileManager.swift in Sources */ = {isa = PBXBuildFile; fileRef = BB0012 /* TileManager.swift */; };
		AA0013 /* TilePaint.metal in Sources */ = {isa = PBXBuildFile; fileRef = BB0013 /* TilePaint.metal */; };
		AA0014 /* MarchingCubes.metal in Sources */ = {isa = PBXBuildFile; fileRef = BB0014 /* MarchingCubes.metal */; };
		AA0015 /* SliceRing.swift in Sources */ = {isa = PBXBuildFile; fileRef = BB0015 /* SliceRing.swift */; };
		AA0016 /* AppSettings.swift in Sources */ = {isa = PBXBuildFile; fileRef = BB0016 /* AppSettings.swift */; };
		AA0017 /* VisualFXSettings.swift in Sources */ = {isa = PBXBuildFile; fileRef = BB0017 /* VisualFXSettings.swift */; };
		AA0018 /* SettingsView.swift in Sources */ = {isa = PBXBuildFile; fileRef = BB0018 /* SettingsView.swift */; };
		AA0019 /* WobbleGrid.swift in Sources */ = {isa = PBXBuildFile; fileRef = BB0019 /* WobbleGrid.swift */; };
		AA001A /* WobbleDisplacement.metal in Sources */ = {isa = PBXBuildFile; fileRef = BB0020 /* WobbleDisplacement.metal */; };
		AA001B /* VisualEffects.metal in Sources */ = {isa = PBXBuildFile; fileRef = BB0021 /* VisualEffects.metal */; };
/* End PBXBuildFile section */

/* Begin PBXFileReference section */
		BB0001 /* BubbleVisionApp.swift */ = {isa = PBXFileReference; lastKnownFileType = sourcecode.swift; path = BubbleVisionApp.swift; sourceTree = "<group>"; };
		BB0002 /* ContentView.swift */ = {isa = PBXFileReference; lastKnownFileType = sourcecode.swift; path = ContentView.swift; sourceTree = "<group>"; };
		BB0003 /* ARCoordinator.swift */ = {isa = PBXFileReference; lastKnownFileType = sourcecode.swift; path = ARCoordinator.swift; sourceTree = "<group>"; };
		BB0004 /* ARViewContainer.swift */ = {isa = PBXFileReference; lastKnownFileType = sourcecode.swift; path = ARViewContainer.swift; sourceTree = "<group>"; };
		BB0005 /* BubbleAnchor.swift */ = {isa = PBXFileReference; lastKnownFileType = sourcecode.swift; path = BubbleAnchor.swift; sourceTree = "<group>"; };
		BB0006 /* IridescentSurface.metal */ = {isa = PBXFileReference; lastKnownFileType = sourcecode.metal; path = IridescentSurface.metal; sourceTree = "<group>"; };
		BB0007 /* Assets.xcassets */ = {isa = PBXFileReference; lastKnownFileType = folder.assetcatalog; path = Assets.xcassets; sourceTree = "<group>"; };
		BB0008 /* Info.plist */ = {isa = PBXFileReference; lastKnownFileType = text.plist.xml; path = Info.plist; sourceTree = "<group>"; };
		BB0009 /* MotionCoupler.swift */ = {isa = PBXFileReference; lastKnownFileType = sourcecode.swift; path = MotionCoupler.swift; sourceTree = "<group>"; };
		BB0010 /* FilmPlane.metal */ = {isa = PBXFileReference; lastKnownFileType = sourcecode.metal; path = FilmPlane.metal; sourceTree = "<group>"; };
		CC0001 /* BubbleVision.app */ = {isa = PBXFileReference; explicitFileType = wrapper.application; includeInIndex = 0; path = BubbleVision.app; sourceTree = BUILT_PRODUCTS_DIR; };
		35002B0981ED452CA80E098D /* FilmPlaneBuilder.swift */ = {isa = PBXFileReference; lastKnownFileType = sourcecode.swift; path = FilmPlaneBuilder.swift; sourceTree = "<group>"; };
		BB0011 /* PathTracker.swift */ = {isa = PBXFileReference; lastKnownFileType = sourcecode.swift; path = PathTracker.swift; sourceTree = "<group>"; };
		BB0012 /* TileManager.swift */ = {isa = PBXFileReference; lastKnownFileType = sourcecode.swift; path = TileManager.swift; sourceTree = "<group>"; };
		BB0013 /* TilePaint.metal */ = {isa = PBXFileReference; lastKnownFileType = sourcecode.metal; path = TilePaint.metal; sourceTree = "<group>"; };
		BB0014 /* MarchingCubes.metal */ = {isa = PBXFileReference; lastKnownFileType = sourcecode.metal; path = MarchingCubes.metal; sourceTree = "<group>"; };
		BB0015 /* SliceRing.swift */ = {isa = PBXFileReference; lastKnownFileType = sourcecode.swift; path = SliceRing.swift; sourceTree = "<group>"; };
		BB0016 /* AppSettings.swift */ = {isa = PBXFileReference; lastKnownFileType = sourcecode.swift; path = AppSettings.swift; sourceTree = "<group>"; };
		BB0017 /* VisualFXSettings.swift */ = {isa = PBXFileReference; lastKnownFileType = sourcecode.swift; path = VisualFXSettings.swift; sourceTree = "<group>"; };
		BB0018 /* SettingsView.swift */ = {isa = PBXFileReference; lastKnownFileType = sourcecode.swift; path = SettingsView.swift; sourceTree = "<group>"; };
		BB0019 /* WobbleGrid.swift */ = {isa = PBXFileReference; lastKnownFileType = sourcecode.swift; path = WobbleGrid.swift; sourceTree = "<group>"; };
		BB0020 /* WobbleDisplacement.metal */ = {isa = PBXFileReference; lastKnownFileType = sourcecode.metal; path = WobbleDisplacement.metal; sourceTree = "<group>"; };
		BB0021 /* VisualEffects.metal */ = {isa = PBXFileReference; lastKnownFileType = sourcecode.metal; path = VisualEffects.metal; sourceTree = "<group>"; };
/* End PBXFileReference section */

/* Begin PBXFrameworksBuildPhase section */
		DD0001 /* Frameworks */ = {
			isa = PBXFrameworksBuildPhase;
			buildActionMask = 2147483647;
			files = (
			);
			runOnlyForDeploymentPostprocessing = 0;
		};
/* End PBXFrameworksBuildPhase section */

/* Begin PBXGroup section */
		EE0001 = {
			isa = PBXGroup;
			children = (
				EE0002 /* BubbleVision */,
				EE0003 /* Products */,
			);
			sourceTree = "<group>";
		};
		EE0002 /* BubbleVision */ = {
			isa = PBXGroup;
			children = (
				BB0001 /* BubbleVisionApp.swift */,
				BB0008 /* Info.plist */,
				EE0004 /* Views */,
				EE0005 /* AR */,
				EE0006 /* Models */,
				EE0008 /* Settings */,
				EE0009 /* Physics */,
				EE0007 /* Shaders */,
				BB0007 /* Assets.xcassets */,
			);
			path = BubbleVision;
			sourceTree = "<group>";
		};
		EE0003 /* Products */ = {
			isa = PBXGroup;
			children = (
				CC0001 /* BubbleVision.app */,
			);
			name = Products;
			sourceTree = "<group>";
		};
		EE0004 /* Views */ = {
			isa = PBXGroup;
			children = (
				BB0002 /* ContentView.swift */,
				BB0018 /* SettingsView.swift */,
			);
			path = Views;
			sourceTree = "<group>";
		};
		EE0005 /* AR */ = {
			isa = PBXGroup;
			children = (
				BB0003 /* ARCoordinator.swift */,
				BB0004 /* ARViewContainer.swift */,
				BB0009 /* MotionCoupler.swift */,
				BB0012 /* TileManager.swift */,
				35002B0981ED452CA80E098D /* FilmPlaneBuilder.swift */,
				BB0011 /* PathTracker.swift */,
			);
			path = AR;
			sourceTree = "<group>";
		};
		EE0006 /* Models */ = {
			isa = PBXGroup;
			children = (
				BB0005 /* BubbleAnchor.swift */,
				BB0015 /* SliceRing.swift */,
				BB0017 /* VisualFXSettings.swift */,
			);
			path = Models;
			sourceTree = "<group>";
		};
		EE0007 /* Shaders */ = {
			isa = PBXGroup;
			children = (
				BB0006 /* IridescentSurface.metal */,
				BB0010 /* FilmPlane.metal */,
				BB0013 /* TilePaint.metal */,
				BB0014 /* MarchingCubes.metal */,
				BB0020 /* WobbleDisplacement.metal */,
				BB0021 /* VisualEffects.metal */,
			);
			path = Shaders;
			sourceTree = "<group>";
		};
		EE0008 /* Settings */ = {
			isa = PBXGroup;
			children = (
				BB0016 /* AppSettings.swift */,
			);
			path = Settings;
			sourceTree = "<group>";
		};
		EE0009 /* Physics */ = {
			isa = PBXGroup;
			children = (
				BB0019 /* WobbleGrid.swift */,
			);
			path = Physics;
			sourceTree = "<group>";
		};
/* End PBXGroup section */

/* Begin PBXNativeTarget section */
		FF0001 /* BubbleVision */ = {
			isa = PBXNativeTarget;
			buildConfigurationList = FF0002 /* Build configuration list for PBXNativeTarget "BubbleVision" */;
			buildPhases = (
				DD0001 /* Frameworks */,
				GG0001 /* Sources */,
				HH0001 /* Resources */,
			);
			buildRules = (
			);
			dependencies = (
			);
			name = BubbleVision;
			productName = BubbleVision;
			productReference = CC0001 /* BubbleVision.app */;
			productType = "com.apple.product-type.application";
		};
/* End PBXNativeTarget section */

/* Begin PBXProject section */
		II0001 /* Project object */ = {
			isa = PBXProject;
			attributes = {
				BuildIndependentTargetsInParallel = 1;
				LastSwiftUpdateCheck = 1500;
				LastUpgradeCheck = 2600;
			};
			buildConfigurationList = II0002 /* Build configuration list for PBXProject "BubbleVision" */;
			compatibilityVersion = "Xcode 14.0";
			developmentRegion = en;
			hasScannedForEncodings = 0;
			knownRegions = (
				en,
				Base,
			);
			mainGroup = EE0001;
			productRefGroup = EE0003 /* Products */;
			projectDirPath = "";
			projectRoot = "";
			targets = (
				FF0001 /* BubbleVision */,
			);
		};
/* End PBXProject section */

/* Begin PBXResourcesBuildPhase section */
		HH0001 /* Resources */ = {
			isa = PBXResourcesBuildPhase;
			buildActionMask = 2147483647;
			files = (
				AA0007 /* Assets.xcassets in Resources */,
			);
			runOnlyForDeploymentPostprocessing = 0;
		};
/* End PBXResourcesBuildPhase section */

/* Begin PBXSourcesBuildPhase section */
		GG0001 /* Sources */ = {
			isa = PBXSourcesBuildPhase;
			buildActionMask = 2147483647;
			files = (
				AA0001 /* BubbleVisionApp.swift in Sources */,
				AA0002 /* ContentView.swift in Sources */,
				AA0018 /* SettingsView.swift in Sources */,
				AA0003 /* ARCoordinator.swift in Sources */,
				AA0004 /* ARViewContainer.swift in Sources */,
				AA0005 /* BubbleAnchor.swift in Sources */,
				AA0006 /* IridescentSurface.metal in Sources */,
				AA0008 /* MotionCoupler.swift in Sources */,
				AA0009 /* FilmPlane.metal in Sources */,
				AA001A /* WobbleDisplacement.metal in Sources */,
				AA001B /* VisualEffects.metal in Sources */,
				AA0013 /* TilePaint.metal in Sources */,
				AA0014 /* MarchingCubes.metal in Sources */,
				462504D7791C42D0829598EC /* FilmPlaneBuilder.swift in Sources */,
				AA0011 /* PathTracker.swift in Sources */,
				AA0012 /* TileManager.swift in Sources */,
				AA0015 /* SliceRing.swift in Sources */,
				AA0016 /* AppSettings.swift in Sources */,
				AA0017 /* VisualFXSettings.swift in Sources */,
				AA0019 /* WobbleGrid.swift in Sources */,
			);
			runOnlyForDeploymentPostprocessing = 0;
		};
/* End PBXSourcesBuildPhase section */

/* Begin XCBuildConfiguration section */
		JJ0001 /* Debug */ = {
			isa = XCBuildConfiguration;
			buildSettings = {
				ALWAYS_SEARCH_USER_PATHS = NO;
				ASSETCATALOG_COMPILER_APPICON_NAME = AppIcon;
				ASSETCATALOG_COMPILER_GLOBAL_ACCENT_COLOR_NAME = AccentColor;
				CLANG_ANALYZER_NONNULL = YES;
				CLANG_CXX_LANGUAGE_STANDARD = "gnu++20";
				CLANG_ENABLE_MODULES = YES;
				CLANG_ENABLE_OBJC_ARC = YES;
				CODE_SIGN_STYLE = Automatic;
				CURRENT_PROJECT_VERSION = 1;
				ENABLE_PREVIEWS = YES;
				GENERATE_INFOPLIST_FILE = NO;
				INFOPLIST_FILE = BubbleVision/Info.plist;
				INFOPLIST_KEY_LSApplicationCategoryType = "public.app-category.entertainment";
				INFOPLIST_KEY_UIApplicationSceneManifest_Generation = YES;
				IPHONEOS_DEPLOYMENT_TARGET = 16.0;
				LD_RUNPATH_SEARCH_PATHS = (
					"$(inherited)",
					"@executable_path/Frameworks",
				);
				MARKETING_VERSION = 1.0;
				MTL_ENABLE_DEBUG_INFO = INCLUDE_SOURCE;
				PRODUCT_BUNDLE_IDENTIFIER = com.bubblevision.app;
				PRODUCT_NAME = "$(TARGET_NAME)";
				SUPPORTED_PLATFORMS = "iphoneos iphonesimulator";
				SUPPORTS_MACCATALYST = NO;
				SUPPORTS_MAC_DESIGNED_FOR_IPHONE_IPAD = NO;
				SWIFT_EMIT_LOC_STRINGS = YES;
				SWIFT_VERSION = 5.0;
				TARGETED_DEVICE_FAMILY = "1,2";
			};
			name = Debug;
		};
		JJ0002 /* Release */ = {
			isa = XCBuildConfiguration;
			buildSettings = {
				ALWAYS_SEARCH_USER_PATHS = NO;
				ASSETCATALOG_COMPILER_APPICON_NAME = AppIcon;
				ASSETCATALOG_COMPILER_GLOBAL_ACCENT_COLOR_NAME = AccentColor;
				CLANG_ANALYZER_NONNULL = YES;
				CLANG_CXX_LANGUAGE_STANDARD = "gnu++20";
				CLANG_ENABLE_MODULES = YES;
				CLANG_ENABLE_OBJC_ARC = YES;
				CODE_SIGN_STYLE = Automatic;
				CURRENT_PROJECT_VERSION = 1;
				ENABLE_PREVIEWS = YES;
				GENERATE_INFOPLIST_FILE = NO;
				INFOPLIST_FILE = BubbleVision/Info.plist;
				INFOPLIST_KEY_LSApplicationCategoryType = "public.app-category.entertainment";
				INFOPLIST_KEY_UIApplicationSceneManifest_Generation = YES;
				IPHONEOS_DEPLOYMENT_TARGET = 16.0;
				LD_RUNPATH_SEARCH_PATHS = (
					"$(inherited)",
					"@executable_path/Frameworks",
				);
				MARKETING_VERSION = 1.0;
				MTL_ENABLE_DEBUG_INFO = NO;
				PRODUCT_BUNDLE_IDENTIFIER = com.bubblevision.app;
				PRODUCT_NAME = "$(TARGET_NAME)";
				SUPPORTED_PLATFORMS = "iphoneos iphonesimulator";
				SUPPORTS_MACCATALYST = NO;
				SUPPORTS_MAC_DESIGNED_FOR_IPHONE_IPAD = NO;
				SWIFT_EMIT_LOC_STRINGS = YES;
				SWIFT_VERSION = 5.0;
				TARGETED_DEVICE_FAMILY = "1,2";
			};
			name = Release;
		};
		JJ0003 /* Debug */ = {
			isa = XCBuildConfiguration;
			buildSettings = {
				CLANG_WARN_BLOCK_CAPTURE_AUTORELEASING = YES;
				CLANG_WARN_BOOL_CONVERSION = YES;
				CLANG_WARN_COMMA = YES;
				CLANG_WARN_CONSTANT_CONVERSION = YES;
				CLANG_WARN_DEPRECATED_OBJC_IMPLEMENTATIONS = YES;
				CLANG_WARN_EMPTY_BODY = YES;
				CLANG_WARN_ENUM_CONVERSION = YES;
				CLANG_WARN_INFINITE_RECURSION = YES;
				CLANG_WARN_INT_CONVERSION = YES;
				CLANG_WARN_NON_LITERAL_NULL_CONVERSION = YES;
				CLANG_WARN_OBJC_IMPLICIT_RETAIN_SELF = YES;
				CLANG_WARN_OBJC_LITERAL_CONVERSION = YES;
				CLANG_WARN_OBJC_ROOT_CLASS = YES_ERROR;
				CLANG_WARN_QUOTED_INCLUDE_IN_FRAMEWORK_HEADER = YES;
				CLANG_WARN_RANGE_LOOP_ANALYSIS = YES;
				CLANG_WARN_STRICT_PROTOTYPES = YES;
				CLANG_WARN_SUSPICIOUS_MOVE = YES;
				CLANG_WARN_UNREACHABLE_CODE = YES;
				CLANG_WARN__DUPLICATE_METHOD_MATCH = YES;
				COPY_PHASE_STRIP = NO;
				DEBUG_INFORMATION_FORMAT = dwarf;
				DEVELOPMENT_TEAM = 4NU75QWW2Q;
				ENABLE_STRICT_OBJC_MSGSEND = YES;
				ENABLE_TESTABILITY = YES;
				ENABLE_USER_SCRIPT_SANDBOXING = YES;
				GCC_NO_COMMON_BLOCKS = YES;
				GCC_OPTIMIZATION_LEVEL = 0;
				GCC_WARN_64_TO_32_BIT_CONVERSION = YES;
				GCC_WARN_ABOUT_RETURN_TYPE = YES_ERROR;
				GCC_WARN_UNDECLARED_SELECTOR = YES;
				GCC_WARN_UNINITIALIZED_AUTOS = YES_AGGRESSIVE;
				GCC_WARN_UNUSED_FUNCTION = YES;
				GCC_WARN_UNUSED_VARIABLE = YES;
				ONLY_ACTIVE_ARCH = YES;
				SDKROOT = iphoneos;
				STRING_CATALOG_GENERATE_SYMBOLS = YES;
				SWIFT_ACTIVE_COMPILATION_CONDITIONS = DEBUG;
				SWIFT_OPTIMIZATION_LEVEL = "-Onone";
			};
			name = Debug;
		};
		JJ0004 /* Release */ = {
			isa = XCBuildConfiguration;
			buildSettings = {
				CLANG_WARN_BLOCK_CAPTURE_AUTORELEASING = YES;
				CLANG_WARN_BOOL_CONVERSION = YES;
				CLANG_WARN_COMMA = YES;
				CLANG_WARN_CONSTANT_CONVERSION = YES;
				CLANG_WARN_DEPRECATED_OBJC_IMPLEMENTATIONS = YES;
				CLANG_WARN_EMPTY_BODY = YES;
				CLANG_WARN_ENUM_CONVERSION = YES;
				CLANG_WARN_INFINITE_RECURSION = YES;
				CLANG_WARN_INT_CONVERSION = YES;
				CLANG_WARN_NON_LITERAL_NULL_CONVERSION = YES;
				CLANG_WARN_OBJC_IMPLICIT_RETAIN_SELF = YES;
				CLANG_WARN_OBJC_LITERAL_CONVERSION = YES;
				CLANG_WARN_OBJC_ROOT_CLASS = YES_ERROR;
				CLANG_WARN_QUOTED_INCLUDE_IN_FRAMEWORK_HEADER = YES;
				CLANG_WARN_RANGE_LOOP_ANALYSIS = YES;
				CLANG_WARN_STRICT_PROTOTYPES = YES;
				CLANG_WARN_SUSPICIOUS_MOVE = YES;
				CLANG_WARN_UNREACHABLE_CODE = YES;
				CLANG_WARN__DUPLICATE_METHOD_MATCH = YES;
				COPY_PHASE_STRIP = NO;
				DEBUG_INFORMATION_FORMAT = "dwarf-with-dsym";
				DEVELOPMENT_TEAM = 4NU75QWW2Q;
				ENABLE_NS_ASSERTIONS = NO;
				ENABLE_STRICT_OBJC_MSGSEND = YES;
				ENABLE_USER_SCRIPT_SANDBOXING = YES;
				GCC_NO_COMMON_BLOCKS = YES;
				GCC_WARN_64_TO_32_BIT_CONVERSION = YES;
				GCC_WARN_ABOUT_RETURN_TYPE = YES_ERROR;
				GCC_WARN_UNDECLARED_SELECTOR = YES;
				GCC_WARN_UNINITIALIZED_AUTOS = YES_AGGRESSIVE;
				GCC_WARN_UNUSED_FUNCTION = YES;
				GCC_WARN_UNUSED_VARIABLE = YES;
				SDKROOT = iphoneos;
				STRING_CATALOG_GENERATE_SYMBOLS = YES;
				SWIFT_COMPILATION_MODE = wholemodule;
				SWIFT_OPTIMIZATION_LEVEL = "-O";
				VALIDATE_PRODUCT = YES;
			};
			name = Release;
		};
/* End XCBuildConfiguration section */

/* Begin XCConfigurationList section */
		FF0002 /* Build configuration list for PBXNativeTarget "BubbleVision" */ = {
			isa = XCConfigurationList;
			buildConfigurations = (
				JJ0001 /* Debug */,
				JJ0002 /* Release */,
			);
			defaultConfigurationIsVisible = 0;
			defaultConfigurationName = Release;
		};
		II0002 /* Build configuration list for PBXProject "BubbleVision" */ = {
			isa = XCConfigurationList;
			buildConfigurations = (
				JJ0003 /* Debug */,
				JJ0004 /* Release */,
			);
			defaultConfigurationIsVisible = 0;
			defaultConfigurationName = Release;
		};
/* End XCConfigurationList section */
	};
	rootObject = II0001 /* Project object */;
}
